
Microsoft Visual Studio Solution File, Format Version 12.00
# Visual Studio Version 16
VisualStudioVersion = 16.0.31424.327
MinimumVisualStudioVersion = 10.0.40219.1
Project("{FAE04EC0-301F-11D3-BF4B-00C04F79EFBC}") = "WebApplication27.Server", "WebApplication27\Server\WebApplication27.Server.csproj", "{36F8B473-9FDD-4E66-8EF7-17832ECA745F}"
EndProject
Project("{FAE04EC0-301F-11D3-BF4B-00C04F79EFBC}") = "WebApplication27.Client", "WebApplication27\Client\WebApplication27.Client.csproj", "{903DC98F-1347-40CA-BE81-C5CBE3A29820}"
EndProject
Project("{FAE04EC0-301F-11D3-BF4B-00C04F79EFBC}") = "WebApplication27.Shared", "WebApplication27\Shared\WebApplication27.Shared.csproj", "{796A6C46-5772-48A3-8649-57B309CFEAA3}"
EndProject
Global
	GlobalSection(SolutionConfigurationPlatforms) = preSolution
		Debug|Any CPU = Debug|Any CPU
		Release|Any CPU = Release|Any CPU
	EndGlobalSection
	GlobalSection(ProjectConfigurationPlatforms) = postSolution
		{36F8B473-9FDD-4E66-8EF7-17832ECA745F}.Debug|Any CPU.ActiveCfg = Debug|Any CPU
		{36F8B473-9FDD-4E66-8EF7-17832ECA745F}.Debug|Any CPU.Build.0 = Debug|Any CPU
		{36F8B473-9FDD-4E66-8EF7-17832ECA745F}.Release|Any CPU.ActiveCfg = Release|Any CPU
		{36F8B473-9FDD-4E66-8EF7-17832ECA745F}.Release|Any CPU.Build.0 = Release|Any CPU
		{903DC98F-1347-40CA-BE81-C5CBE3A29820}.Debug|Any CPU.ActiveCfg = Debug|Any CPU
		{903DC98F-1347-40CA-BE81-C5CBE3A29820}.Debug|Any CPU.Build.0 = Debug|Any CPU
		{903DC98F-1347-40CA-BE81-C5CBE3A29820}.Release|Any CPU.ActiveCfg = Release|Any CPU
		{903DC98F-1347-40CA-BE81-C5CBE3A29820}.Release|Any CPU.Build.0 = Release|Any CPU
		{796A6C46-5772-48A3-8649-57B309CFEAA3}.Debug|Any CPU.ActiveCfg = Debug|Any CPU
		{796A6C46-5772-48A3-8649-57B309CFEAA3}.Debug|Any CPU.Build.0 = Debug|Any CPU
		{796A6C46-5772-48A3-8649-57B309CFEAA3}.Release|Any CPU.ActiveCfg = Release|Any CPU
		{796A6C46-5772-48A3-8649-57B309CFEAA3}.Release|Any CPU.Build.0 = Release|Any CPU
	EndGlobalSection
	GlobalSection(SolutionProperties) = preSolution
		HideSolutionNode = FALSE
	EndGlobalSection
	GlobalSection(ExtensibilityGlobals) = postSolution
		SolutionGuid = {401F9003-6274-46F7-8786-7D49F8A2A6D0}
	EndGlobalSection
EndGlobal
